
Microsoft Visual Studio Solution File, Format Version 12.00
# Visual Studio Version 17
VisualStudioVersion = 17.3.32804.467
MinimumVisualStudioVersion = 10.0.40219.1
Project("{9092AA53-FB77-4645-B42D-1CCCA6BD08BD}") = "FeatureWeb", "FeatureWeb.njsproj", "{5975E046-72A8-4138-B584-C7FC66B6F3ED}"
EndProject
Global
	GlobalSection(SolutionConfigurationPlatforms) = preSolution
		Debug|Any CPU = Debug|Any CPU
		Release|Any CPU = Release|Any CPU
	EndGlobalSection
	GlobalSection(ProjectConfigurationPlatforms) = postSolution
		{5975E046-72A8-4138-B584-C7FC66B6F3ED}.Debug|Any CPU.ActiveCfg = Debug|Any CPU
		{5975E046-72A8-4138-B584-C7FC66B6F3ED}.Debug|Any CPU.Build.0 = Debug|Any CPU
		{5975E046-72A8-4138-B584-C7FC66B6F3ED}.Release|Any CPU.ActiveCfg = Release|Any CPU
		{5975E046-72A8-4138-B584-C7FC66B6F3ED}.Release|Any CPU.Build.0 = Release|Any CPU
	EndGlobalSection
	GlobalSection(SolutionProperties) = preSolution
		HideSolutionNode = FALSE
	EndGlobalSection
	GlobalSection(ExtensibilityGlobals) = postSolution
		SolutionGuid = {3005B396-A0A2-4A5F-ACC5-4FB4C7AF8FD0}
	EndGlobalSection
EndGlobal
